
Microsoft Visual Studio Solution File, Format Version 12.00
# Visual Studio Version 17
VisualStudioVersion = 17.6.33815.320
MinimumVisualStudioVersion = 10.0.40219.1
Project("{FAE04EC0-301F-11D3-BF4B-00C04F79EFBC}") = "MyFirstApp", "MyFirstApp\MyFirstApp.csproj", "{083A95CA-068B-4FB0-9021-3235E70539A7}"
EndProject
Global
	GlobalSection(SolutionConfigurationPlatforms) = preSolution
		Debug|Any CPU = Debug|Any CPU
		Release|Any CPU = Release|Any CPU
	EndGlobalSection
	GlobalSection(ProjectConfigurationPlatforms) = postSolution
		{083A95CA-068B-4FB0-9021-3235E70539A7}.Debug|Any CPU.ActiveCfg = Debug|Any CPU
		{083A95CA-068B-4FB0-9021-3235E70539A7}.Debug|Any CPU.Build.0 = Debug|Any CPU
		{083A95CA-068B-4FB0-9021-3235E70539A7}.Release|Any CPU.ActiveCfg = Release|Any CPU
		{083A95CA-068B-4FB0-9021-3235E70539A7}.Release|Any CPU.Build.0 = Release|Any CPU
	EndGlobalSection
	GlobalSection(SolutionProperties) = preSolution
		HideSolutionNode = FALSE
	EndGlobalSection
	GlobalSection(ExtensibilityGlobals) = postSolution
		SolutionGuid = {94C24AA1-7A34-4EF8-97A2-6CDC17375A48}
	EndGlobalSection
EndGlobal
