
Microsoft Visual Studio Solution File, Format Version 12.00
# Visual Studio Version 17
VisualStudioVersion = 17.6.33815.320
MinimumVisualStudioVersion = 10.0.40219.1
Project("{FAE04EC0-301F-11D3-BF4B-00C04F79EFBC}") = "_001_HelloWorld", "_001_HelloWorld\_001_HelloWorld.csproj", "{A8A69842-4E67-4406-8BFC-9C614932C6B3}"
EndProject
Project("{FAE04EC0-301F-11D3-BF4B-00C04F79EFBC}") = "TextRPG", "TextRPG\TextRPG.csproj", "{BF2B365C-BC5E-4420-AEB8-ECAF14FC7F3F}"
EndProject
Project("{FAE04EC0-301F-11D3-BF4B-00C04F79EFBC}") = "_002_Variable", "_002_Variable\_002_Variable.csproj", "{A2AF02B9-3EB8-4DD8-8FBF-C30A20FC71A7}"
EndProject
Project("{FAE04EC0-301F-11D3-BF4B-00C04F79EFBC}") = "_003_Operator", "_003_Operator\_003_Operator.csproj", "{F7EDEA61-E033-46F0-BF69-9444C53365CF}"
EndProject
Project("{FAE04EC0-301F-11D3-BF4B-00C04F79EFBC}") = "_004_TypeConversion", "_004_TypeConversion\_004_TypeConversion.csproj", "{E550C637-BDCE-4915-90B8-0ED01C0CE5D2}"
EndProject
Project("{FAE04EC0-301F-11D3-BF4B-00C04F79EFBC}") = "_005_SelectionStatements", "_005_SelectionStatements\_005_SelectionStatements.csproj", "{B71FC563-47BE-479A-BC5B-A7324198D0AB}"
EndProject
Project("{FAE04EC0-301F-11D3-BF4B-00C04F79EFBC}") = "_006_LoopStatements", "_006_LoopStatements\_006_LoopStatements.csproj", "{791D5AF9-D3CC-4C16-BBED-B07D8E81ED07}"
EndProject
Project("{FAE04EC0-301F-11D3-BF4B-00C04F79EFBC}") = "_007_Func", "_007_Func\_007_Func.csproj", "{CEF4FDAD-C609-48DA-BEDD-61F905E4F566}"
EndProject
Global
	GlobalSection(SolutionConfigurationPlatforms) = preSolution
		Debug|Any CPU = Debug|Any CPU
		Release|Any CPU = Release|Any CPU
	EndGlobalSection
	GlobalSection(ProjectConfigurationPlatforms) = postSolution
		{A8A69842-4E67-4406-8BFC-9C614932C6B3}.Debug|Any CPU.ActiveCfg = Debug|Any CPU
		{A8A69842-4E67-4406-8BFC-9C614932C6B3}.Debug|Any CPU.Build.0 = Debug|Any CPU
		{A8A69842-4E67-4406-8BFC-9C614932C6B3}.Release|Any CPU.ActiveCfg = Release|Any CPU
		{A8A69842-4E67-4406-8BFC-9C614932C6B3}.Release|Any CPU.Build.0 = Release|Any CPU
		{BF2B365C-BC5E-4420-AEB8-ECAF14FC7F3F}.Debug|Any CPU.ActiveCfg = Debug|Any CPU
		{BF2B365C-BC5E-4420-AEB8-ECAF14FC7F3F}.Debug|Any CPU.Build.0 = Debug|Any CPU
		{BF2B365C-BC5E-4420-AEB8-ECAF14FC7F3F}.Release|Any CPU.ActiveCfg = Release|Any CPU
		{BF2B365C-BC5E-4420-AEB8-ECAF14FC7F3F}.Release|Any CPU.Build.0 = Release|Any CPU
		{A2AF02B9-3EB8-4DD8-8FBF-C30A20FC71A7}.Debug|Any CPU.ActiveCfg = Debug|Any CPU
		{A2AF02B9-3EB8-4DD8-8FBF-C30A20FC71A7}.Debug|Any CPU.Build.0 = Debug|Any CPU
		{A2AF02B9-3EB8-4DD8-8FBF-C30A20FC71A7}.Release|Any CPU.ActiveCfg = Release|Any CPU
		{A2AF02B9-3EB8-4DD8-8FBF-C30A20FC71A7}.Release|Any CPU.Build.0 = Release|Any CPU
		{F7EDEA61-E033-46F0-BF69-9444C53365CF}.Debug|Any CPU.ActiveCfg = Debug|Any CPU
		{F7EDEA61-E033-46F0-BF69-9444C53365CF}.Debug|Any CPU.Build.0 = Debug|Any CPU
		{F7EDEA61-E033-46F0-BF69-9444C53365CF}.Release|Any CPU.ActiveCfg = Release|Any CPU
		{F7EDEA61-E033-46F0-BF69-9444C53365CF}.Release|Any CPU.Build.0 = Release|Any CPU
		{E550C637-BDCE-4915-90B8-0ED01C0CE5D2}.Debug|Any CPU.ActiveCfg = Debug|Any CPU
		{E550C637-BDCE-4915-90B8-0ED01C0CE5D2}.Debug|Any CPU.Build.0 = Debug|Any CPU
		{E550C637-BDCE-4915-90B8-0ED01C0CE5D2}.Release|Any CPU.ActiveCfg = Release|Any CPU
		{E550C637-BDCE-4915-90B8-0ED01C0CE5D2}.Release|Any CPU.Build.0 = Release|Any CPU
		{B71FC563-47BE-479A-BC5B-A7324198D0AB}.Debug|Any CPU.ActiveCfg = Debug|Any CPU
		{B71FC563-47BE-479A-BC5B-A7324198D0AB}.Debug|Any CPU.Build.0 = Debug|Any CPU
		{B71FC563-47BE-479A-BC5B-A7324198D0AB}.Release|Any CPU.ActiveCfg = Release|Any CPU
		{B71FC563-47BE-479A-BC5B-A7324198D0AB}.Release|Any CPU.Build.0 = Release|Any CPU
		{791D5AF9-D3CC-4C16-BBED-B07D8E81ED07}.Debug|Any CPU.ActiveCfg = Debug|Any CPU
		{791D5AF9-D3CC-4C16-BBED-B07D8E81ED07}.Debug|Any CPU.Build.0 = Debug|Any CPU
		{791D5AF9-D3CC-4C16-BBED-B07D8E81ED07}.Release|Any CPU.ActiveCfg = Release|Any CPU
		{791D5AF9-D3CC-4C16-BBED-B07D8E81ED07}.Release|Any CPU.Build.0 = Release|Any CPU
		{CEF4FDAD-C609-48DA-BEDD-61F905E4F566}.Debug|Any CPU.ActiveCfg = Debug|Any CPU
		{CEF4FDAD-C609-48DA-BEDD-61F905E4F566}.Debug|Any CPU.Build.0 = Debug|Any CPU
		{CEF4FDAD-C609-48DA-BEDD-61F905E4F566}.Release|Any CPU.ActiveCfg = Release|Any CPU
		{CEF4FDAD-C609-48DA-BEDD-61F905E4F566}.Release|Any CPU.Build.0 = Release|Any CPU
	EndGlobalSection
	GlobalSection(SolutionProperties) = preSolution
		HideSolutionNode = FALSE
	EndGlobalSection
	GlobalSection(ExtensibilityGlobals) = postSolution
		SolutionGuid = {C68D9676-192B-4C65-8160-D1DF2122564B}
	EndGlobalSection
EndGlobal
