
Microsoft Visual Studio Solution File, Format Version 12.00
# Visual Studio Version 17
VisualStudioVersion = 17.6.33815.320
MinimumVisualStudioVersion = 10.0.40219.1
Project("{9A19103F-16F7-4668-BE54-9A1E7A4F7556}") = "001_HelloWorld", "ConsoleApp1\001_HelloWorld.csproj", "{C4F5825F-8A40-4172-8B7E-7E92F20E752D}"
EndProject
Project("{9A19103F-16F7-4668-BE54-9A1E7A4F7556}") = "002_HelloWorld01", "002_HelloWorld01\002_HelloWorld01.csproj", "{8BB03A17-A81F-41ED-B487-98318D482135}"
EndProject
Project("{FAE04EC0-301F-11D3-BF4B-00C04F79EFBC}") = "003_Data1", "003_Data1\003_Data1.csproj", "{41483F48-2DF0-4262-803E-0F953CEF2677}"
EndProject
Project("{FAE04EC0-301F-11D3-BF4B-00C04F79EFBC}") = "004_Array", "004_Array\004_Array.csproj", "{86E34AA0-6255-4535-BF6F-B20849FC4974}"
EndProject
Project("{FAE04EC0-301F-11D3-BF4B-00C04F79EFBC}") = "005_Polymorphism", "005_Polymorphism\005_Polymorphism.csproj", "{12CD3FD4-F87D-4604-B57B-CC2A0FA504AA}"
EndProject
Global
	GlobalSection(SolutionConfigurationPlatforms) = preSolution
		Debug|Any CPU = Debug|Any CPU
		Release|Any CPU = Release|Any CPU
	EndGlobalSection
	GlobalSection(ProjectConfigurationPlatforms) = postSolution
		{C4F5825F-8A40-4172-8B7E-7E92F20E752D}.Debug|Any CPU.ActiveCfg = Debug|Any CPU
		{C4F5825F-8A40-4172-8B7E-7E92F20E752D}.Debug|Any CPU.Build.0 = Debug|Any CPU
		{C4F5825F-8A40-4172-8B7E-7E92F20E752D}.Release|Any CPU.ActiveCfg = Release|Any CPU
		{C4F5825F-8A40-4172-8B7E-7E92F20E752D}.Release|Any CPU.Build.0 = Release|Any CPU
		{8BB03A17-A81F-41ED-B487-98318D482135}.Debug|Any CPU.ActiveCfg = Debug|Any CPU
		{8BB03A17-A81F-41ED-B487-98318D482135}.Debug|Any CPU.Build.0 = Debug|Any CPU
		{8BB03A17-A81F-41ED-B487-98318D482135}.Release|Any CPU.ActiveCfg = Release|Any CPU
		{8BB03A17-A81F-41ED-B487-98318D482135}.Release|Any CPU.Build.0 = Release|Any CPU
		{41483F48-2DF0-4262-803E-0F953CEF2677}.Debug|Any CPU.ActiveCfg = Debug|Any CPU
		{41483F48-2DF0-4262-803E-0F953CEF2677}.Debug|Any CPU.Build.0 = Debug|Any CPU
		{41483F48-2DF0-4262-803E-0F953CEF2677}.Release|Any CPU.ActiveCfg = Release|Any CPU
		{41483F48-2DF0-4262-803E-0F953CEF2677}.Release|Any CPU.Build.0 = Release|Any CPU
		{86E34AA0-6255-4535-BF6F-B20849FC4974}.Debug|Any CPU.ActiveCfg = Debug|Any CPU
		{86E34AA0-6255-4535-BF6F-B20849FC4974}.Debug|Any CPU.Build.0 = Debug|Any CPU
		{86E34AA0-6255-4535-BF6F-B20849FC4974}.Release|Any CPU.ActiveCfg = Release|Any CPU
		{86E34AA0-6255-4535-BF6F-B20849FC4974}.Release|Any CPU.Build.0 = Release|Any CPU
		{12CD3FD4-F87D-4604-B57B-CC2A0FA504AA}.Debug|Any CPU.ActiveCfg = Debug|Any CPU
		{12CD3FD4-F87D-4604-B57B-CC2A0FA504AA}.Debug|Any CPU.Build.0 = Debug|Any CPU
		{12CD3FD4-F87D-4604-B57B-CC2A0FA504AA}.Release|Any CPU.ActiveCfg = Release|Any CPU
		{12CD3FD4-F87D-4604-B57B-CC2A0FA504AA}.Release|Any CPU.Build.0 = Release|Any CPU
	EndGlobalSection
	GlobalSection(SolutionProperties) = preSolution
		HideSolutionNode = FALSE
	EndGlobalSection
	GlobalSection(ExtensibilityGlobals) = postSolution
		SolutionGuid = {5B4F8C77-ED94-4BB9-B691-EE5262A32FFE}
	EndGlobalSection
EndGlobal
